{"version":4,"terraform_version":"1.10.3","serial":3,"lineage":"ad911c5a-4be8-68f8-af66-5972452319e5","outputs":{},"resources":[{"mode":"managed","type":"docker_container","name":"mysql","provider":"provider[\"registry.opentofu.org/kreuzwerker/docker\"]","instances":[{"schema_version":2,"attributes":{"attach":false,"bridge":"","capabilities":[],"cgroupns_mode":null,"command":["mysqld"],"container_logs":null,"container_read_refresh_timeout_milliseconds":15000,"cpu_set":"","cpu_shares":0,"destroy_grace_seconds":null,"devices":[],"dns":null,"dns_opts":null,"dns_search":null,"domainname":"","entrypoint":["docker-entrypoint.sh"],"env":["MYSQL_DATABASE=wordpress","MYSQL_PASSWORD=LumzUq37fmPdoUO2","MYSQL_ROOT_HOST=%","MYSQL_ROOT_PASSWORD=iDonQtA5BjXsc6Gw","MYSQL_USER=wordpress"],"exit_code":null,"gpus":null,"group_add":null,"healthcheck":null,"host":[],"hostname":"c59e524c4fd8","id":"c59e524c4fd858a62b629cd3ccf4caf51f387e0cfb696fe43567b646bd5d6d11","image":"sha256:a0f6c7786c75739bd76a37b4b85e0f47b7c5d5a17a094bdd522412fb464d5cbe","init":false,"ipc_mode":"private","labels":[],"log_driver":"json-file","log_opts":null,"logs":false,"max_retry_count":0,"memory":0,"memory_swap":0,"mounts":[],"must_run":true,"name":"example_7EGiIT4ZC8jZNrUd","network_data":[{"gateway":"172.17.0.1","global_ipv6_address":"","global_ipv6_prefix_length":0,"ip_address":"172.17.0.3","ip_prefix_length":16,"ipv6_gateway":"","mac_address":"2a:6b:2f:20:e8:2b","network_name":"bridge"}],"network_mode":"bridge","networks_advanced":[],"pid_mode":"","ports":[{"external":3306,"internal":3306,"ip":"127.0.0.1","protocol":"tcp"}],"privileged":false,"publish_all_ports":false,"read_only":false,"remove_volumes":true,"restart":"no","rm":false,"runtime":"runc","security_opts":[],"shm_size":64,"start":true,"stdin_open":false,"stop_signal":"","stop_timeout":0,"storage_opts":null,"sysctls":null,"tmpfs":null,"tty":false,"ulimit":[],"upload":[],"user":"","userns_mode":"","volumes":[],"wait":false,"wait_timeout":60,"working_dir":"/"},"sensitive_attributes":[[{"type":"get_attr","value":"name"}],[{"type":"get_attr","value":"env"}]],"private":"eyJzY2hlbWFfdmVyc2lvbiI6IjIifQ==","dependencies":["docker_image.mysql","random_password.mysql_pass","random_password.mysql_root_pass","random_password.random_string"]}]},{"mode":"managed","type":"docker_container","name":"nginx","provider":"provider[\"registry.opentofu.org/kreuzwerker/docker\"]","instances":[{"schema_version":2,"attributes":{"attach":false,"bridge":"","capabilities":[],"cgroupns_mode":null,"command":["nginx","-g","daemon off;"],"container_logs":null,"container_read_refresh_timeout_milliseconds":15000,"cpu_set":"","cpu_shares":0,"destroy_grace_seconds":null,"devices":[],"dns":null,"dns_opts":null,"dns_search":null,"domainname":"","entrypoint":["/docker-entrypoint.sh"],"env":[],"exit_code":null,"gpus":null,"group_add":null,"healthcheck":null,"host":[],"hostname":"dbd77459e548","id":"dbd77459e5480d5e05f1f8b0b5012066581b0b1cfaa2adcb3d18a6343cf782c3","image":"sha256:22bd1541745359072c06a72a23f4f6c52dbb685424e0d5b29008ae4eb2683698","init":false,"ipc_mode":"private","labels":[],"log_driver":"json-file","log_opts":null,"logs":false,"max_retry_count":0,"memory":0,"memory_swap":0,"mounts":[],"must_run":true,"name":"hello_world","network_data":[{"gateway":"172.17.0.1","global_ipv6_address":"","global_ipv6_prefix_length":0,"ip_address":"172.17.0.2","ip_prefix_length":16,"ipv6_gateway":"","mac_address":"fa:ca:da:7c:16:cf","network_name":"bridge"}],"network_mode":"bridge","networks_advanced":[],"pid_mode":"","ports":[{"external":9090,"internal":80,"ip":"0.0.0.0","protocol":"tcp"}],"privileged":false,"publish_all_ports":false,"read_only":false,"remove_volumes":true,"restart":"no","rm":false,"runtime":"runc","security_opts":[],"shm_size":64,"start":true,"stdin_open":false,"stop_signal":"SIGQUIT","stop_timeout":0,"storage_opts":null,"sysctls":null,"tmpfs":null,"tty":false,"ulimit":[],"upload":[],"user":"","userns_mode":"","volumes":[],"wait":false,"wait_timeout":60,"working_dir":""},"sensitive_attributes":[],"private":"eyJzY2hlbWFfdmVyc2lvbiI6IjIifQ==","dependencies":["docker_image.nginx"]}]},{"mode":"managed","type":"docker_image","name":"mysql","provider":"provider[\"registry.opentofu.org/kreuzwerker/docker\"]","instances":[{"schema_version":0,"attributes":{"build":[],"force_remove":null,"id":"sha256:a0f6c7786c75739bd76a37b4b85e0f47b7c5d5a17a094bdd522412fb464d5cbemysql:8","image_id":"sha256:a0f6c7786c75739bd76a37b4b85e0f47b7c5d5a17a094bdd522412fb464d5cbe","keep_locally":true,"name":"mysql:8","platform":null,"pull_triggers":null,"repo_digest":"mysql@sha256:679e7e924f38a3cbb62a3d7df32924b83f7321a602d3f9f967c01b3df18495d6","triggers":null},"sensitive_attributes":[],"private":"bnVsbA=="}]},{"mode":"managed","type":"docker_image","name":"nginx","provider":"provider[\"registry.opentofu.org/kreuzwerker/docker\"]","instances":[{"schema_version":0,"attributes":{"build":[],"force_remove":null,"id":"sha256:22bd1541745359072c06a72a23f4f6c52dbb685424e0d5b29008ae4eb2683698nginx:latest","image_id":"sha256:22bd1541745359072c06a72a23f4f6c52dbb685424e0d5b29008ae4eb2683698","keep_locally":true,"name":"nginx:latest","platform":null,"pull_triggers":null,"repo_digest":"nginx@sha256:f5c017fb33c6db484545793ffb67db51cdd7daebee472104612f73a85063f889","triggers":null},"sensitive_attributes":[],"private":"bnVsbA=="}]},{"mode":"managed","type":"random_password","name":"mysql_pass","provider":"provider[\"registry.opentofu.org/hashicorp/random\"]","instances":[{"schema_version":3,"attributes":{"bcrypt_hash":"$2a$10$SdaGxYiumfVK5lmD3LdWnOXD7KKc7oGMU2S.nQTakJr/C/mc0K67.","id":"none","keepers":null,"length":16,"lower":true,"min_lower":1,"min_numeric":1,"min_special":0,"min_upper":1,"number":true,"numeric":true,"override_special":null,"result":"LumzUq37fmPdoUO2","special":false,"upper":true},"sensitive_attributes":[[{"type":"get_attr","value":"result"}],[{"type":"get_attr","value":"bcrypt_hash"}]]}]},{"mode":"managed","type":"random_password","name":"mysql_root_pass","provider":"provider[\"registry.opentofu.org/hashicorp/random\"]","instances":[{"schema_version":3,"attributes":{"bcrypt_hash":"$2a$10$ZRZwY5JwqmCqZtwxBjgkVO7r6bGsjnB0B8cshsGm7OtJCKx.n4WZW","id":"none","keepers":null,"length":16,"lower":true,"min_lower":1,"min_numeric":1,"min_special":0,"min_upper":1,"number":true,"numeric":true,"override_special":null,"result":"iDonQtA5BjXsc6Gw","special":false,"upper":true},"sensitive_attributes":[[{"type":"get_attr","value":"result"}],[{"type":"get_attr","value":"bcrypt_hash"}]]}]},{"mode":"managed","type":"random_password","name":"random_string","provider":"provider[\"registry.opentofu.org/hashicorp/random\"]","instances":[{"schema_version":3,"attributes":{"bcrypt_hash":"$2a$10$Y2AThOCVVLxsfWWhCqlSWu1WUY./LzOU2gPuuYsYKVSQMDQ0t45Dm","id":"none","keepers":null,"length":16,"lower":true,"min_lower":1,"min_numeric":1,"min_special":0,"min_upper":1,"number":true,"numeric":true,"override_special":null,"result":"7EGiIT4ZC8jZNrUd","special":false,"upper":true},"sensitive_attributes":[[{"type":"get_attr","value":"result"}],[{"type":"get_attr","value":"bcrypt_hash"}]]}]}],"check_results":null}
